
Microsoft Visual Studio Solution File, Format Version 12.00
# Visual Studio 2013
VisualStudioVersion = 12.0.31101.0
MinimumVisualStudioVersion = 10.0.40219.1
Project("{FAE04EC0-301F-11D3-BF4B-00C04F79EFBC}") = "SimpleTimerJob", "SimpleTimerJob\SimpleTimerJob.csproj", "{B55F187B-97B3-4C02-8634-E4F494C4E44C}"
EndProject
Global
	GlobalSection(SolutionConfigurationPlatforms) = preSolution
		Debug|Any CPU = Debug|Any CPU
		Release|Any CPU = Release|Any CPU
	EndGlobalSection
	GlobalSection(ProjectConfigurationPlatforms) = postSolution
		{B55F187B-97B3-4C02-8634-E4F494C4E44C}.Debug|Any CPU.ActiveCfg = Debug|Any CPU
		{B55F187B-97B3-4C02-8634-E4F494C4E44C}.Debug|Any CPU.Build.0 = Debug|Any CPU
		{B55F187B-97B3-4C02-8634-E4F494C4E44C}.Release|Any CPU.ActiveCfg = Release|Any CPU
		{B55F187B-97B3-4C02-8634-E4F494C4E44C}.Release|Any CPU.Build.0 = Release|Any CPU
	EndGlobalSection
	GlobalSection(SolutionProperties) = preSolution
		HideSolutionNode = FALSE
	EndGlobalSection
EndGlobal
